
Microsoft Visual Studio Solution File, Format Version 12.00
# Visual Studio Version 17
VisualStudioVersion = 17.8.34525.116
MinimumVisualStudioVersion = 10.0.40219.1
Project("{FAE04EC0-301F-11D3-BF4B-00C04F79EFBC}") = "LABA1", "LABA1\LABA1.csproj", "{60DC22A3-4FE7-4BF5-8DEB-C1C03F01414B}"
EndProject
Project("{FAE04EC0-301F-11D3-BF4B-00C04F79EFBC}") = "TASK2", "TASK2\TASK2.csproj", "{62460ADE-FABF-473B-8B00-BF559AA072E6}"
EndProject
Project("{FAE04EC0-301F-11D3-BF4B-00C04F79EFBC}") = "TASK3", "TASK3\TASK3.csproj", "{3B9E92BC-2AB2-4C6B-9A47-73730D9E0947}"
EndProject
Global
	GlobalSection(SolutionConfigurationPlatforms) = preSolution
		Debug|Any CPU = Debug|Any CPU
		Release|Any CPU = Release|Any CPU
	EndGlobalSection
	GlobalSection(ProjectConfigurationPlatforms) = postSolution
		{60DC22A3-4FE7-4BF5-8DEB-C1C03F01414B}.Debug|Any CPU.ActiveCfg = Debug|Any CPU
		{60DC22A3-4FE7-4BF5-8DEB-C1C03F01414B}.Debug|Any CPU.Build.0 = Debug|Any CPU
		{60DC22A3-4FE7-4BF5-8DEB-C1C03F01414B}.Release|Any CPU.ActiveCfg = Release|Any CPU
		{60DC22A3-4FE7-4BF5-8DEB-C1C03F01414B}.Release|Any CPU.Build.0 = Release|Any CPU
		{62460ADE-FABF-473B-8B00-BF559AA072E6}.Debug|Any CPU.ActiveCfg = Debug|Any CPU
		{62460ADE-FABF-473B-8B00-BF559AA072E6}.Debug|Any CPU.Build.0 = Debug|Any CPU
		{62460ADE-FABF-473B-8B00-BF559AA072E6}.Release|Any CPU.ActiveCfg = Release|Any CPU
		{62460ADE-FABF-473B-8B00-BF559AA072E6}.Release|Any CPU.Build.0 = Release|Any CPU
		{3B9E92BC-2AB2-4C6B-9A47-73730D9E0947}.Debug|Any CPU.ActiveCfg = Debug|Any CPU
		{3B9E92BC-2AB2-4C6B-9A47-73730D9E0947}.Debug|Any CPU.Build.0 = Debug|Any CPU
		{3B9E92BC-2AB2-4C6B-9A47-73730D9E0947}.Release|Any CPU.ActiveCfg = Release|Any CPU
		{3B9E92BC-2AB2-4C6B-9A47-73730D9E0947}.Release|Any CPU.Build.0 = Release|Any CPU
	EndGlobalSection
	GlobalSection(SolutionProperties) = preSolution
		HideSolutionNode = FALSE
	EndGlobalSection
	GlobalSection(ExtensibilityGlobals) = postSolution
		SolutionGuid = {85630877-71AE-4667-8B6D-650652D0A53C}
	EndGlobalSection
EndGlobal
